
Microsoft Visual Studio Solution File, Format Version 12.00
# Visual Studio Version 16
VisualStudioVersion = 16.0.30804.86
MinimumVisualStudioVersion = 10.0.40219.1
Project("{FAE04EC0-301F-11D3-BF4B-00C04F79EFBC}") = "ObserverDesignPatternDemo", "ObserverDesignPatternDemo.csproj", "{77DFCB90-B6A0-4A68-B3B7-2B4175F62648}"
EndProject
Global
	GlobalSection(SolutionConfigurationPlatforms) = preSolution
		Debug|Any CPU = Debug|Any CPU
		Release|Any CPU = Release|Any CPU
	EndGlobalSection
	GlobalSection(ProjectConfigurationPlatforms) = postSolution
		{77DFCB90-B6A0-4A68-B3B7-2B4175F62648}.Debug|Any CPU.ActiveCfg = Debug|Any CPU
		{77DFCB90-B6A0-4A68-B3B7-2B4175F62648}.Debug|Any CPU.Build.0 = Debug|Any CPU
		{77DFCB90-B6A0-4A68-B3B7-2B4175F62648}.Release|Any CPU.ActiveCfg = Release|Any CPU
		{77DFCB90-B6A0-4A68-B3B7-2B4175F62648}.Release|Any CPU.Build.0 = Release|Any CPU
	EndGlobalSection
	GlobalSection(SolutionProperties) = preSolution
		HideSolutionNode = FALSE
	EndGlobalSection
	GlobalSection(ExtensibilityGlobals) = postSolution
		SolutionGuid = {261D5F6F-306F-4518-BE8B-A2C0A5E543B0}
	EndGlobalSection
EndGlobal
